
Microsoft Visual Studio Solution File, Format Version 12.00
# Visual Studio 15
VisualStudioVersion = 15.0.28307.1231
MinimumVisualStudioVersion = 10.0.40219.1
Project("{FAE04EC0-301F-11D3-BF4B-00C04F79EFBC}") = "inkMap", "inkMap\inkMap.csproj", "{2DA89418-24E5-491F-9877-8B80868F4015}"
EndProject
Project("{FAE04EC0-301F-11D3-BF4B-00C04F79EFBC}") = "InkMapAPI", "InkMapAPI\InkMapAPI.csproj", "{1275C6FA-39BE-4DD6-9912-3D229E3CB09D}"
EndProject
Global
	GlobalSection(SolutionConfigurationPlatforms) = preSolution
		Debug|Any CPU = Debug|Any CPU
		Release|Any CPU = Release|Any CPU
	EndGlobalSection
	GlobalSection(ProjectConfigurationPlatforms) = postSolution
		{2DA89418-24E5-491F-9877-8B80868F4015}.Debug|Any CPU.ActiveCfg = Debug|Any CPU
		{2DA89418-24E5-491F-9877-8B80868F4015}.Debug|Any CPU.Build.0 = Debug|Any CPU
		{2DA89418-24E5-491F-9877-8B80868F4015}.Release|Any CPU.ActiveCfg = Release|Any CPU
		{2DA89418-24E5-491F-9877-8B80868F4015}.Release|Any CPU.Build.0 = Release|Any CPU
		{1275C6FA-39BE-4DD6-9912-3D229E3CB09D}.Debug|Any CPU.ActiveCfg = Debug|Any CPU
		{1275C6FA-39BE-4DD6-9912-3D229E3CB09D}.Debug|Any CPU.Build.0 = Debug|Any CPU
		{1275C6FA-39BE-4DD6-9912-3D229E3CB09D}.Release|Any CPU.ActiveCfg = Release|Any CPU
		{1275C6FA-39BE-4DD6-9912-3D229E3CB09D}.Release|Any CPU.Build.0 = Release|Any CPU
	EndGlobalSection
	GlobalSection(SolutionProperties) = preSolution
		HideSolutionNode = FALSE
	EndGlobalSection
	GlobalSection(ExtensibilityGlobals) = postSolution
		SolutionGuid = {D375FE9F-4A5F-4CD3-9E22-5613ECD9910B}
	EndGlobalSection
EndGlobal
